<?xml version="1.0" encoding="utf-8"?>
<Project ToolsVersion="4.0" xmlns="http://schemas.microsoft.com/developer/msbuild/2003">
  <ItemGroup>
    <Filter Include="Source Files">
      <UniqueIdentifier>{4FC737F1-C7A5-4376-A066-2A32D752A2FF}</UniqueIdentifier>
      <Extensions>cpp;c;cc;cxx;def;odl;idl;hpj;bat;asm;asmx</Extensions>
    </Filter>
    <Filter Include="Header Files">
      <UniqueIdentifier>{93995380-89BD-4b04-88EB-625FBE52EBFB}</UniqueIdentifier>
      <Extensions>h;hh;hpp;hxx;hm;inl;inc;xsd</Extensions>
    </Filter>
    <Filter Include="Resource Files">
      <UniqueIdentifier>{D9D6E242-F8AF-46E4-B9FD-80ECBC20BA3E}</UniqueIdentifier>
      <Extensions>qrc;*</Extensions>
      <ParseFiles>false</ParseFiles>
    </Filter>
    <Filter Include="Form Files">
      <UniqueIdentifier>{99349809-55BA-4b9d-BF79-8FDBB0286EB3}</UniqueIdentifier>
      <Extensions>ui</Extensions>
    </Filter>
    <Filter Include="Resource Files">
      <UniqueIdentifier>{D9D6E242-F8AF-46E4-B9FD-80ECBC20BA3E}</UniqueIdentifier>
      <Extensions>qrc;*</Extensions>
      <ParseFiles>false</ParseFiles>
    </Filter>
    <Filter Include="Generated Files">
      <UniqueIdentifier>{71ED8ED8-ACB9-4CE9-BBE1-E00B30144E11}</UniqueIdentifier>
      <Extensions>moc;h;cpp</Extensions>
      <SourceControlFiles>False</SourceControlFiles>
    </Filter>
    <Filter Include="gridItem">
      <UniqueIdentifier>{7c33914e-af41-40cb-a489-4d4a13cc599c}</UniqueIdentifier>
    </Filter>
    <Filter Include="userCtrl">
      <UniqueIdentifier>{bbb165e9-581f-4ee0-81f1-571c5fa97069}</UniqueIdentifier>
    </Filter>
    <Filter Include="Style">
      <UniqueIdentifier>{70c8b969-cd72-4e97-9094-5058c652ce85}</UniqueIdentifier>
    </Filter>
    <Filter Include="framelesswindow">
      <UniqueIdentifier>{1d553d25-221c-4f98-9613-4cf40507f9be}</UniqueIdentifier>
    </Filter>
  </ItemGroup>
  <ItemGroup>
    <ClCompile Include="main.cpp">
      <Filter>Source Files</Filter>
    </ClCompile>
    <ClCompile Include="customGUIDemo.cpp">
      <Filter>Source Files</Filter>
    </ClCompile>
    <ClCompile Include="..\..\src\userCtrl\QLoginDlg.cpp">
      <Filter>userCtrl</Filter>
    </ClCompile>
    <ClCompile Include="..\..\src\userCtrl\QUserCtrl.cpp">
      <Filter>userCtrl</Filter>
    </ClCompile>
    <ClCompile Include="..\..\src\userCtrl\QUserDB.cpp">
      <Filter>userCtrl</Filter>
    </ClCompile>
    <ClCompile Include="..\..\src\userCtrl\QUserManagerDlg.cpp">
      <Filter>userCtrl</Filter>
    </ClCompile>
    <ClCompile Include="..\..\src\style\DarkStyle.cpp">
      <Filter>Style</Filter>
    </ClCompile>
    <ClCompile Include="..\..\src\style\LeaperDarkStyle.cpp">
      <Filter>Style</Filter>
    </ClCompile>
    <ClCompile Include="..\..\src\GridItem\GridLayout.cpp">
      <Filter>gridItem</Filter>
    </ClCompile>
    <ClCompile Include="..\..\src\GridItem\GridTray.cpp">
      <Filter>gridItem</Filter>
    </ClCompile>
    <ClCompile Include="..\..\src\framelesswindow\framelesswindow.cpp">
      <Filter>framelesswindow</Filter>
    </ClCompile>
    <ClCompile Include="..\..\src\framelesswindow\windowdragger.cpp">
      <Filter>framelesswindow</Filter>
    </ClCompile>
    <ClCompile Include="QLoginModify.cpp">
      <Filter>userCtrl</Filter>
    </ClCompile>
    <ClCompile Include="QUserAddNew.cpp">
      <Filter>userCtrl</Filter>
    </ClCompile>
  </ItemGroup>
  <ItemGroup>
    <QtMoc Include="customGUIDemo.h">
      <Filter>Header Files</Filter>
    </QtMoc>
    <QtMoc Include="..\..\src\userCtrl\QLoginDlg.h">
      <Filter>userCtrl</Filter>
    </QtMoc>
    <QtMoc Include="..\..\src\userCtrl\QUserCtrl.h">
      <Filter>userCtrl</Filter>
    </QtMoc>
    <QtMoc Include="..\..\src\userCtrl\QUserManagerDlg.h">
      <Filter>userCtrl</Filter>
    </QtMoc>
    <QtMoc Include="..\..\src\style\DarkStyle.h">
      <Filter>Style</Filter>
    </QtMoc>
    <QtMoc Include="..\..\src\style\LeaperDarkStyle.h">
      <Filter>Style</Filter>
    </QtMoc>
    <QtMoc Include="..\..\src\GridItem\GridLayout.h">
      <Filter>gridItem</Filter>
    </QtMoc>
    <QtMoc Include="..\..\src\GridItem\GridTray.h">
      <Filter>gridItem</Filter>
    </QtMoc>
    <QtMoc Include="..\..\src\framelesswindow\framelesswindow.h">
      <Filter>framelesswindow</Filter>
    </QtMoc>
    <QtMoc Include="..\..\src\framelesswindow\windowdragger.h">
      <Filter>framelesswindow</Filter>
    </QtMoc>
    <QtMoc Include="QLoginModify.h">
      <Filter>userCtrl</Filter>
    </QtMoc>
    <QtMoc Include="QUserAddNew.h">
      <Filter>userCtrl</Filter>
    </QtMoc>
  </ItemGroup>
  <ItemGroup>
    <QtUic Include="customGUIDemo.ui">
      <Filter>Form Files</Filter>
    </QtUic>
    <QtUic Include="..\..\src\userCtrl\QLoginDlg.ui">
      <Filter>userCtrl</Filter>
    </QtUic>
    <QtUic Include="..\..\src\userCtrl\QUserManagerDlg.ui">
      <Filter>userCtrl</Filter>
    </QtUic>
    <QtUic Include="..\..\src\framelesswindow\framelesswindow.ui">
      <Filter>framelesswindow</Filter>
    </QtUic>
    <QtUic Include="QLoginModify.ui">
      <Filter>userCtrl</Filter>
    </QtUic>
    <QtUic Include="QUserAddNew.ui">
      <Filter>userCtrl</Filter>
    </QtUic>
  </ItemGroup>
  <ItemGroup>
    <ClInclude Include="..\..\src\userCtrl\QUserDB.h">
      <Filter>userCtrl</Filter>
    </ClInclude>
    <ClInclude Include="UserLoginDefine.h">
      <Filter>userCtrl</Filter>
    </ClInclude>
  </ItemGroup>
  <ItemGroup>
    <None Include="..\..\src\style\darkstyle\darkstyle.qss">
      <Filter>Resource Files</Filter>
    </None>
  </ItemGroup>
  <ItemGroup>
    <Image Include="..\..\src\style\darkstyle\icon_branch_closed.png">
      <Filter>Resource Files</Filter>
    </Image>
    <Image Include="..\..\src\style\darkstyle\icon_branch_end.png">
      <Filter>Resource Files</Filter>
    </Image>
    <Image Include="..\..\src\style\darkstyle\icon_branch_more.png">
      <Filter>Resource Files</Filter>
    </Image>
    <Image Include="..\..\src\style\darkstyle\icon_branch_open.png">
      <Filter>Resource Files</Filter>
    </Image>
    <Image Include="..\..\src\style\darkstyle\icon_checkbox_checked.png">
      <Filter>Resource Files</Filter>
    </Image>
    <Image Include="..\..\src\style\darkstyle\icon_checkbox_checked_disabled.png">
      <Filter>Resource Files</Filter>
    </Image>
    <Image Include="..\..\src\style\darkstyle\icon_checkbox_checked_pressed.png">
      <Filter>Resource Files</Filter>
    </Image>
    <Image Include="..\..\src\style\darkstyle\icon_checkbox_indeterminate.png">
      <Filter>Resource Files</Filter>
    </Image>
    <Image Include="..\..\src\style\darkstyle\icon_checkbox_indeterminate_disabled.png">
      <Filter>Resource Files</Filter>
    </Image>
    <Image Include="..\..\src\style\darkstyle\icon_checkbox_indeterminate_pressed.png">
      <Filter>Resource Files</Filter>
    </Image>
    <Image Include="..\..\src\style\darkstyle\icon_checkbox_unchecked.png">
      <Filter>Resource Files</Filter>
    </Image>
    <Image Include="..\..\src\style\darkstyle\icon_checkbox_unchecked_disabled.png">
      <Filter>Resource Files</Filter>
    </Image>
    <Image Include="..\..\src\style\darkstyle\icon_checkbox_unchecked_pressed.png">
      <Filter>Resource Files</Filter>
    </Image>
    <Image Include="..\..\src\style\darkstyle\icon_close.png">
      <Filter>Resource Files</Filter>
    </Image>
    <Image Include="..\..\src\style\darkstyle\icon_radiobutton_checked.png">
      <Filter>Resource Files</Filter>
    </Image>
    <Image Include="..\..\src\style\darkstyle\icon_radiobutton_checked_disabled.png">
      <Filter>Resource Files</Filter>
    </Image>
    <Image Include="..\..\src\style\darkstyle\icon_radiobutton_checked_pressed.png">
      <Filter>Resource Files</Filter>
    </Image>
    <Image Include="..\..\src\style\darkstyle\icon_radiobutton_unchecked.png">
      <Filter>Resource Files</Filter>
    </Image>
    <Image Include="..\..\src\style\darkstyle\icon_radiobutton_unchecked_disabled.png">
      <Filter>Resource Files</Filter>
    </Image>
    <Image Include="..\..\src\style\darkstyle\icon_radiobutton_unchecked_pressed.png">
      <Filter>Resource Files</Filter>
    </Image>
    <Image Include="..\..\src\style\darkstyle\icon_restore.png">
      <Filter>Resource Files</Filter>
    </Image>
    <Image Include="..\..\src\style\darkstyle\icon_undock.png">
      <Filter>Resource Files</Filter>
    </Image>
    <Image Include="..\..\src\style\darkstyle\icon_vline.png">
      <Filter>Resource Files</Filter>
    </Image>
    <Image Include="..\..\src\style\images\icon_window_close.png">
      <Filter>Resource Files</Filter>
    </Image>
    <Image Include="..\..\src\style\images\icon_window_maximize.png">
      <Filter>Resource Files</Filter>
    </Image>
    <Image Include="..\..\src\style\images\icon_window_minimize.png">
      <Filter>Resource Files</Filter>
    </Image>
    <Image Include="..\..\src\style\images\icon_window_restore.png">
      <Filter>Resource Files</Filter>
    </Image>
  </ItemGroup>
  <ItemGroup>
    <Text Include="..\..\src\style\Example.txt">
      <Filter>Style</Filter>
    </Text>
    <Text Include="..\..\src\GridItem\Example.txt">
      <Filter>gridItem</Filter>
    </Text>
    <Text Include="..\..\src\GridItem\layout_tray.txt">
      <Filter>gridItem</Filter>
    </Text>
  </ItemGroup>
  <ItemGroup>
    <QtRcc Include="..\..\src\style\darkstyle.qrc">
      <Filter>Resource Files</Filter>
    </QtRcc>
  </ItemGroup>
</Project>