<?xml version="1.0" encoding="utf-8"?>
<Project ToolsVersion="4.0" xmlns="http://schemas.microsoft.com/developer/msbuild/2003">
  <ItemGroup>
    <Filter Include="Source Files">
      <UniqueIdentifier>{4FC737F1-C7A5-4376-A066-2A32D752A2FF}</UniqueIdentifier>
      <Extensions>cpp;cxx;c;def</Extensions>
    </Filter>
    <Filter Include="Header Files">
      <UniqueIdentifier>{93995380-89BD-4b04-88EB-625FBE52EBFB}</UniqueIdentifier>
      <Extensions>h</Extensions>
    </Filter>
    <Filter Include="Form Files">
      <UniqueIdentifier>{99349809-55BA-4b9d-BF79-8FDBB0286EB3}</UniqueIdentifier>
      <Extensions>ui</Extensions>
    </Filter>
    <Filter Include="Resource Files">
      <UniqueIdentifier>{D9D6E242-F8AF-46E4-B9FD-80ECBC20BA3E}</UniqueIdentifier>
      <Extensions>qrc;*</Extensions>
      <ParseFiles>false</ParseFiles>
    </Filter>
    <Filter Include="Generated Files">
      <UniqueIdentifier>{71ED8ED8-ACB9-4CE9-BBE1-E00B30144E11}</UniqueIdentifier>
      <Extensions>moc;h;cpp</Extensions>
      <SourceControlFiles>False</SourceControlFiles>
    </Filter>
    <Filter Include="Generated Files\Debug">
      <UniqueIdentifier>{61864ab8-35e4-4859-a583-25c19327032e}</UniqueIdentifier>
      <Extensions>cpp;moc</Extensions>
      <SourceControlFiles>False</SourceControlFiles>
    </Filter>
    <Filter Include="Generated Files\Release">
      <UniqueIdentifier>{910da525-9ac4-4bdc-9f37-c9c7b181ebba}</UniqueIdentifier>
      <Extensions>cpp;moc</Extensions>
      <SourceControlFiles>False</SourceControlFiles>
    </Filter>
    <Filter Include="graphview">
      <UniqueIdentifier>{68af39c2-23f9-4150-a808-e933a844254c}</UniqueIdentifier>
    </Filter>
    <Filter Include="pixmapbar">
      <UniqueIdentifier>{f6421317-6bbf-4d77-a981-82f72e474ef1}</UniqueIdentifier>
    </Filter>
    <Filter Include="lightboxwidget">
      <UniqueIdentifier>{3dee421d-ddd9-447d-9b3c-850e6ff4d79f}</UniqueIdentifier>
    </Filter>
    <Filter Include="splashscreen">
      <UniqueIdentifier>{fef92158-22be-46b3-833b-0c7ee44a87ac}</UniqueIdentifier>
    </Filter>
    <Filter Include="searchEdit">
      <UniqueIdentifier>{394a2d04-90e3-49ad-8e56-d9260d28e3b1}</UniqueIdentifier>
    </Filter>
  </ItemGroup>
  <ItemGroup>
    <ClCompile Include="src\QGraphViewUI\cunstomgraphview.cpp">
      <Filter>graphview</Filter>
    </ClCompile>
    <ClCompile Include="GeneratedFiles\Debug\moc_cunstomgraphview.cpp">
      <Filter>Generated Files\Debug</Filter>
    </ClCompile>
    <ClCompile Include="GeneratedFiles\Release\moc_cunstomgraphview.cpp">
      <Filter>Generated Files\Release</Filter>
    </ClCompile>
    <ClCompile Include="src\QGraphViewUI\stytlegraphview.cpp">
      <Filter>graphview</Filter>
    </ClCompile>
    <ClCompile Include="GeneratedFiles\Debug\moc_stytlegraphview.cpp">
      <Filter>Generated Files\Debug</Filter>
    </ClCompile>
    <ClCompile Include="GeneratedFiles\Release\moc_stytlegraphview.cpp">
      <Filter>Generated Files\Release</Filter>
    </ClCompile>
    <ClCompile Include="src\QLightBoxUI\qlightboxwidget.cpp">
      <Filter>lightboxwidget</Filter>
    </ClCompile>
    <ClCompile Include="GeneratedFiles\Debug\moc_qlightboxwidget.cpp">
      <Filter>Generated Files\Debug</Filter>
    </ClCompile>
    <ClCompile Include="GeneratedFiles\Release\moc_qlightboxwidget.cpp">
      <Filter>Generated Files\Release</Filter>
    </ClCompile>
    <ClCompile Include="src\pixmapBar\qpixmapbar.cpp">
      <Filter>pixmapbar</Filter>
    </ClCompile>
    <ClCompile Include="GeneratedFiles\Debug\moc_qpixmapbar.cpp">
      <Filter>Generated Files\Debug</Filter>
    </ClCompile>
    <ClCompile Include="GeneratedFiles\Release\moc_qpixmapbar.cpp">
      <Filter>Generated Files\Release</Filter>
    </ClCompile>
    <ClCompile Include="src\splashScreen\qmysplashscreen.cpp">
      <Filter>splashscreen</Filter>
    </ClCompile>
    <ClCompile Include="GeneratedFiles\Debug\moc_qmysplashscreen.cpp">
      <Filter>Generated Files\Debug</Filter>
    </ClCompile>
    <ClCompile Include="GeneratedFiles\Release\moc_qmysplashscreen.cpp">
      <Filter>Generated Files\Release</Filter>
    </ClCompile>
    <ClCompile Include="src\QGraphViewUI\qstylelabel.cpp">
      <Filter>graphview</Filter>
    </ClCompile>
    <ClCompile Include="GeneratedFiles\Debug\moc_qstylelabel.cpp">
      <Filter>Generated Files\Debug</Filter>
    </ClCompile>
    <ClCompile Include="GeneratedFiles\Release\moc_qstylelabel.cpp">
      <Filter>Generated Files\Release</Filter>
    </ClCompile>
    <ClCompile Include="GeneratedFiles\qrc_QCustomGUI.cpp">
      <Filter>Generated Files</Filter>
    </ClCompile>
    <ClCompile Include="GeneratedFiles\Debug\moc_QSearchEdit.cpp">
      <Filter>Generated Files\Debug</Filter>
    </ClCompile>
    <ClCompile Include="GeneratedFiles\Release\moc_QSearchEdit.cpp">
      <Filter>Generated Files\Release</Filter>
    </ClCompile>
    <ClCompile Include="src\SearchEdit\QSearchEdit.cpp">
      <Filter>searchEdit</Filter>
    </ClCompile>
  </ItemGroup>
  <ItemGroup>
    <CustomBuild Include="src\QGraphViewUI\cunstomgraphview.h">
      <Filter>graphview</Filter>
    </CustomBuild>
    <CustomBuild Include="src\QGraphViewUI\stytlegraphview.h">
      <Filter>graphview</Filter>
    </CustomBuild>
    <CustomBuild Include="src\QLightBoxUI\qlightboxwidget.h">
      <Filter>lightboxwidget</Filter>
    </CustomBuild>
    <CustomBuild Include="src\pixmapBar\qpixmapbar.h">
      <Filter>pixmapbar</Filter>
    </CustomBuild>
    <CustomBuild Include="src\splashScreen\qmysplashscreen.h">
      <Filter>splashscreen</Filter>
    </CustomBuild>
    <CustomBuild Include="src\QGraphViewUI\qstylelabel.h">
      <Filter>graphview</Filter>
    </CustomBuild>
    <CustomBuild Include="QCustomGUI.qrc">
      <Filter>Resource Files</Filter>
    </CustomBuild>
    <CustomBuild Include="src\SearchEdit\QSearchEdit.h">
      <Filter>searchEdit</Filter>
    </CustomBuild>
  </ItemGroup>
</Project>